
Microsoft Visual Studio Solution File, Format Version 12.00
# Visual Studio Version 16
VisualStudioVersion = 16.0.30804.86
MinimumVisualStudioVersion = 10.0.40219.1
Project("{FAE04EC0-301F-11D3-BF4B-00C04F79EFBC}") = "ConsoleAppPi", "ConsoleAppPi\ConsoleAppPi.csproj", "{391FFCF0-AC2D-4EB1-AC41-1F03788FCF11}"
EndProject
Global
	GlobalSection(SolutionConfigurationPlatforms) = preSolution
		Debug|Any CPU = Debug|Any CPU
		Release|Any CPU = Release|Any CPU
	EndGlobalSection
	GlobalSection(ProjectConfigurationPlatforms) = postSolution
		{391FFCF0-AC2D-4EB1-AC41-1F03788FCF11}.Debug|Any CPU.ActiveCfg = Debug|Any CPU
		{391FFCF0-AC2D-4EB1-AC41-1F03788FCF11}.Debug|Any CPU.Build.0 = Debug|Any CPU
		{391FFCF0-AC2D-4EB1-AC41-1F03788FCF11}.Release|Any CPU.ActiveCfg = Release|Any CPU
		{391FFCF0-AC2D-4EB1-AC41-1F03788FCF11}.Release|Any CPU.Build.0 = Release|Any CPU
	EndGlobalSection
	GlobalSection(SolutionProperties) = preSolution
		HideSolutionNode = FALSE
	EndGlobalSection
	GlobalSection(ExtensibilityGlobals) = postSolution
		SolutionGuid = {D5C40AC8-0A9E-42AD-B000-F701F1C7BBC4}
	EndGlobalSection
EndGlobal
